// !$*UTF8*$!
{
	archiveVersion = 1;
	classes = {
	};
	objectVersion = 77;
	objects = {

/* Begin PBXBuildFile section */
		8401BBD92D1F39520030CD27 /* Assets.xcassets in Resources */ = {isa = PBXBuildFile; fileRef = 8401BBD22D1F39520030CD27 /* Assets.xcassets */; };
		8401BBDB2D1F39520030CD27 /* LaunchScreen.storyboard in Resources */ = {isa = PBXBuildFile; fileRef = 8401BBD52D1F39520030CD27 /* LaunchScreen.storyboard */; };
		8401BBDC2D1F39520030CD27 /* AppDelegate.swift in Sources */ = {isa = PBXBuildFile; fileRef = 8401BBD12D1F39520030CD27 /* AppDelegate.swift */; };
		8401BBDD2D1F39520030CD27 /* SceneDelegate.swift in Sources */ = {isa = PBXBuildFile; fileRef = 8401BBD62D1F39520030CD27 /* SceneDelegate.swift */; };
		8401BC072D1F3BFA0030CD27 /* LayoutProperty.swift in Sources */ = {isa = PBXBuildFile; fileRef = 8401BBE32D1F3BFA0030CD27 /* LayoutProperty.swift */; };
		8401BC082D1F3BFA0030CD27 /* PhotoDetailViewHeader.swift in Sources */ = {isa = PBXBuildFile; fileRef = 8401BC032D1F3BFA0030CD27 /* PhotoDetailViewHeader.swift */; };
		8401BC092D1F3BFA0030CD27 /* PhotoHeader.swift in Sources */ = {isa = PBXBuildFile; fileRef = 8401BC042D1F3BFA0030CD27 /* PhotoHeader.swift */; };
		8401BC0B2D1F3BFA0030CD27 /* LayoutClosure.swift in Sources */ = {isa = PBXBuildFile; fileRef = 8401BBE02D1F3BFA0030CD27 /* LayoutClosure.swift */; };
		8401BC0C2D1F3BFA0030CD27 /* UIApplication+Extensions.swift in Sources */ = {isa = PBXBuildFile; fileRef = 8401BBEB2D1F3BFA0030CD27 /* UIApplication+Extensions.swift */; };
		8401BC0D2D1F3BFA0030CD27 /* LayoutDimension.swift in Sources */ = {isa = PBXBuildFile; fileRef = 8401BBE12D1F3BFA0030CD27 /* LayoutDimension.swift */; };
		8401BC0E2D1F3BFA0030CD27 /* SharedTransitionAnimationController.swift in Sources */ = {isa = PBXBuildFile; fileRef = 8401BBFB2D1F3BFA0030CD27 /* SharedTransitionAnimationController.swift */; };
		8401BC0F2D1F3BFA0030CD27 /* Then.swift in Sources */ = {isa = PBXBuildFile; fileRef = 8401BBE82D1F3BFA0030CD27 /* Then.swift */; };
		8401BC102D1F3BFA0030CD27 /* LayoutSizeDimension.swift in Sources */ = {isa = PBXBuildFile; fileRef = 8401BBE52D1F3BFA0030CD27 /* LayoutSizeDimension.swift */; };
		8401BC112D1F3BFA0030CD27 /* LayoutProxy.swift in Sources */ = {isa = PBXBuildFile; fileRef = 8401BBE42D1F3BFA0030CD27 /* LayoutProxy.swift */; };
		8401BC122D1F3BFA0030CD27 /* CGAffineTransform+Extensions.swift in Sources */ = {isa = PBXBuildFile; fileRef = 8401BBEC2D1F3BFA0030CD27 /* CGAffineTransform+Extensions.swift */; };
		8401BC132D1F3BFA0030CD27 /* SharedTransitionInteractionController.swift in Sources */ = {isa = PBXBuildFile; fileRef = 8401BBFC2D1F3BFA0030CD27 /* SharedTransitionInteractionController.swift */; };
		8401BC142D1F3BFA0030CD27 /* LayoutOperators.swift in Sources */ = {isa = PBXBuildFile; fileRef = 8401BBE22D1F3BFA0030CD27 /* LayoutOperators.swift */; };
		8401BC152D1F3BFA0030CD27 /* PHAsset+Extensions.swift in Sources */ = {isa = PBXBuildFile; fileRef = 8401BBF12D1F3BFA0030CD27 /* PHAsset+Extensions.swift */; };
		8401BC162D1F3BFA0030CD27 /* PhotoGridView.swift in Sources */ = {isa = PBXBuildFile; fileRef = 8401BBF72D1F3BFA0030CD27 /* PhotoGridView.swift */; };
		8401BC172D1F3BFA0030CD27 /* PhotoGridViewHeader.swift in Sources */ = {isa = PBXBuildFile; fileRef = 8401BC022D1F3BFA0030CD27 /* PhotoGridViewHeader.swift */; };
		8401BC182D1F3BFA0030CD27 /* CacheableImageView.swift in Sources */ = {isa = PBXBuildFile; fileRef = 8401BBFF2D1F3BFA0030CD27 /* CacheableImageView.swift */; };
		8401BC1A2D1F3BFA0030CD27 /* UICollectionReusableView+Extensions.swift in Sources */ = {isa = PBXBuildFile; fileRef = 8401BBEA2D1F3BFA0030CD27 /* UICollectionReusableView+Extensions.swift */; };
		8401BC1B2D1F3BFA0030CD27 /* PhotoFooter.swift in Sources */ = {isa = PBXBuildFile; fileRef = 8401BC052D1F3BFA0030CD27 /* PhotoFooter.swift */; };
		8401BC1C2D1F3BFA0030CD27 /* CGSize+Extensions.swift in Sources */ = {isa = PBXBuildFile; fileRef = 8401BBF02D1F3BFA0030CD27 /* CGSize+Extensions.swift */; };
		8401BC1D2D1F3BFA0030CD27 /* CGRect+Extensions.swift in Sources */ = {isa = PBXBuildFile; fileRef = 8401BBEF2D1F3BFA0030CD27 /* CGRect+Extensions.swift */; };
		8401BC1F2D1F3BFA0030CD27 /* PhotoDetailView.swift in Sources */ = {isa = PBXBuildFile; fileRef = 8401BBF82D1F3BFA0030CD27 /* PhotoDetailView.swift */; };
		8401BC202D1F3BFA0030CD27 /* UICollectionView+Extensions.swift in Sources */ = {isa = PBXBuildFile; fileRef = 8401BBED2D1F3BFA0030CD27 /* UICollectionView+Extensions.swift */; };
		8401BC212D1F3BFA0030CD27 /* SharedTransitioning.swift in Sources */ = {isa = PBXBuildFile; fileRef = 8401BBFA2D1F3BFA0030CD27 /* SharedTransitioning.swift */; };
		8401BC222D1F3BFA0030CD27 /* UIView+Extensions.swift in Sources */ = {isa = PBXBuildFile; fileRef = 8401BBE92D1F3BFA0030CD27 /* UIView+Extensions.swift */; };
		8401BC232D1F3BFA0030CD27 /* LayoutAnchor.swift in Sources */ = {isa = PBXBuildFile; fileRef = 8401BBDF2D1F3BFA0030CD27 /* LayoutAnchor.swift */; };
		8401BC242D1F3BFA0030CD27 /* UIView+Fill.swift in Sources */ = {isa = PBXBuildFile; fileRef = 8401BBE62D1F3BFA0030CD27 /* UIView+Fill.swift */; };
		8401BC252D1F3BFA0030CD27 /* ImageCache.swift in Sources */ = {isa = PBXBuildFile; fileRef = 8401BBFE2D1F3BFA0030CD27 /* ImageCache.swift */; };
		8401BC262D1F3BFA0030CD27 /* PhotoCell.swift in Sources */ = {isa = PBXBuildFile; fileRef = 8401BC012D1F3BFA0030CD27 /* PhotoCell.swift */; };
		8401BC322D1F62970030CD27 /* [untitled]GridView.swift in Sources */ = {isa = PBXBuildFile; fileRef = 8401BC312D1F62970030CD27 /* [untitled]GridView.swift */; };
		8401BC342D1F62D40030CD27 /* [untitled]DetailView.swift in Sources */ = {isa = PBXBuildFile; fileRef = 8401BC332D1F62D40030CD27 /* [untitled]DetailView.swift */; };
		8401BC362D1F63DF0030CD27 /* [untitled]TransitionAnimationController.swift in Sources */ = {isa = PBXBuildFile; fileRef = 8401BC352D1F63DF0030CD27 /* [untitled]TransitionAnimationController.swift */; };
		8401BC382D1F64680030CD27 /* AlbumCell.swift in Sources */ = {isa = PBXBuildFile; fileRef = 8401BC372D1F645B0030CD27 /* AlbumCell.swift */; };
		8401BC3D2D1F6EAC0030CD27 /* TransitionType.swift in Sources */ = {isa = PBXBuildFile; fileRef = 8401BC3C2D1F6EAB0030CD27 /* TransitionType.swift */; };
		8401BC3F2D1FBB230030CD27 /* [untitled]GridViewHeader.swift in Sources */ = {isa = PBXBuildFile; fileRef = 8401BC3E2D1FBB1E0030CD27 /* [untitled]GridViewHeader.swift */; };
		8401BC432D1FC7220030CD27 /* [untitled]DetailViewHeader.swift in Sources */ = {isa = PBXBuildFile; fileRef = 8401BC422D1FC71E0030CD27 /* [untitled]DetailViewHeader.swift */; };
		8401BC492D20FB550030CD27 /* FBPaperHomeView.swift in Sources */ = {isa = PBXBuildFile; fileRef = 8401BC482D20FB550030CD27 /* FBPaperHomeView.swift */; };
		8401BC4B2D20FBC80030CD27 /* FBPaperPageView.swift in Sources */ = {isa = PBXBuildFile; fileRef = 8401BC4A2D20FBC80030CD27 /* FBPaperPageView.swift */; };
		8401BC4D2D20FBF40030CD27 /* FBPaperHomeViewCell.swift in Sources */ = {isa = PBXBuildFile; fileRef = 8401BC4C2D20FBF40030CD27 /* FBPaperHomeViewCell.swift */; };
		8401BC522D2102F80030CD27 /* FBPaperTransitionAnimationController.swift in Sources */ = {isa = PBXBuildFile; fileRef = 8401BC502D2102F80030CD27 /* FBPaperTransitionAnimationController.swift */; };
		8401BC532D2102F80030CD27 /* FBPaperTransitionInteractionController.swift in Sources */ = {isa = PBXBuildFile; fileRef = 8401BC512D2102F80030CD27 /* FBPaperTransitionInteractionController.swift */; };
		8401BC552D2120990030CD27 /* FBPaperTransitioning.swift in Sources */ = {isa = PBXBuildFile; fileRef = 8401BC542D2120950030CD27 /* FBPaperTransitioning.swift */; };
		8401BC572D2201F90030CD27 /* BackButton.swift in Sources */ = {isa = PBXBuildFile; fileRef = 8401BC562D2201F00030CD27 /* BackButton.swift */; };
		84C4B0E12D24BBBA00F76C86 /* IdentifiableViewController.swift in Sources */ = {isa = PBXBuildFile; fileRef = 84C4B0E02D24BBB700F76C86 /* IdentifiableViewController.swift */; };
		84C4B0E52D24D45200F76C86 /* UIScreen+Extensions.swift in Sources */ = {isa = PBXBuildFile; fileRef = 84C4B0E42D24D44F00F76C86 /* UIScreen+Extensions.swift */; };
/* End PBXBuildFile section */

/* Begin PBXFileReference section */
		8401BBB92D1F391F0030CD27 /* Transitions.app */ = {isa = PBXFileReference; explicitFileType = wrapper.application; includeInIndex = 0; path = Transitions.app; sourceTree = BUILT_PRODUCTS_DIR; };
		8401BBD12D1F39520030CD27 /* AppDelegate.swift */ = {isa = PBXFileReference; lastKnownFileType = sourcecode.swift; path = AppDelegate.swift; sourceTree = "<group>"; };
		8401BBD22D1F39520030CD27 /* Assets.xcassets */ = {isa = PBXFileReference; lastKnownFileType = folder.assetcatalog; path = Assets.xcassets; sourceTree = "<group>"; };
		8401BBD32D1F39520030CD27 /* Info.plist */ = {isa = PBXFileReference; lastKnownFileType = text.plist.xml; path = Info.plist; sourceTree = "<group>"; };
		8401BBD42D1F39520030CD27 /* Base */ = {isa = PBXFileReference; lastKnownFileType = file.storyboard; name = Base; path = Base.lproj/LaunchScreen.storyboard; sourceTree = "<group>"; };
		8401BBD62D1F39520030CD27 /* SceneDelegate.swift */ = {isa = PBXFileReference; lastKnownFileType = sourcecode.swift; path = SceneDelegate.swift; sourceTree = "<group>"; };
		8401BBDF2D1F3BFA0030CD27 /* LayoutAnchor.swift */ = {isa = PBXFileReference; lastKnownFileType = sourcecode.swift; path = LayoutAnchor.swift; sourceTree = "<group>"; };
		8401BBE02D1F3BFA0030CD27 /* LayoutClosure.swift */ = {isa = PBXFileReference; lastKnownFileType = sourcecode.swift; path = LayoutClosure.swift; sourceTree = "<group>"; };
		8401BBE12D1F3BFA0030CD27 /* LayoutDimension.swift */ = {isa = PBXFileReference; lastKnownFileType = sourcecode.swift; path = LayoutDimension.swift; sourceTree = "<group>"; };
		8401BBE22D1F3BFA0030CD27 /* LayoutOperators.swift */ = {isa = PBXFileReference; lastKnownFileType = sourcecode.swift; path = LayoutOperators.swift; sourceTree = "<group>"; };
		8401BBE32D1F3BFA0030CD27 /* LayoutProperty.swift */ = {isa = PBXFileReference; lastKnownFileType = sourcecode.swift; path = LayoutProperty.swift; sourceTree = "<group>"; };
		8401BBE42D1F3BFA0030CD27 /* LayoutProxy.swift */ = {isa = PBXFileReference; lastKnownFileType = sourcecode.swift; path = LayoutProxy.swift; sourceTree = "<group>"; };
		8401BBE52D1F3BFA0030CD27 /* LayoutSizeDimension.swift */ = {isa = PBXFileReference; lastKnownFileType = sourcecode.swift; path = LayoutSizeDimension.swift; sourceTree = "<group>"; };
		8401BBE62D1F3BFA0030CD27 /* UIView+Fill.swift */ = {isa = PBXFileReference; lastKnownFileType = sourcecode.swift; path = "UIView+Fill.swift"; sourceTree = "<group>"; };
		8401BBE82D1F3BFA0030CD27 /* Then.swift */ = {isa = PBXFileReference; lastKnownFileType = sourcecode.swift; path = Then.swift; sourceTree = "<group>"; };
		8401BBE92D1F3BFA0030CD27 /* UIView+Extensions.swift */ = {isa = PBXFileReference; lastKnownFileType = sourcecode.swift; path = "UIView+Extensions.swift"; sourceTree = "<group>"; };
		8401BBEA2D1F3BFA0030CD27 /* UICollectionReusableView+Extensions.swift */ = {isa = PBXFileReference; lastKnownFileType = sourcecode.swift; path = "UICollectionReusableView+Extensions.swift"; sourceTree = "<group>"; };
		8401BBEB2D1F3BFA0030CD27 /* UIApplication+Extensions.swift */ = {isa = PBXFileReference; lastKnownFileType = sourcecode.swift; path = "UIApplication+Extensions.swift"; sourceTree = "<group>"; };
		8401BBEC2D1F3BFA0030CD27 /* CGAffineTransform+Extensions.swift */ = {isa = PBXFileReference; lastKnownFileType = sourcecode.swift; path = "CGAffineTransform+Extensions.swift"; sourceTree = "<group>"; };
		8401BBED2D1F3BFA0030CD27 /* UICollectionView+Extensions.swift */ = {isa = PBXFileReference; lastKnownFileType = sourcecode.swift; path = "UICollectionView+Extensions.swift"; sourceTree = "<group>"; };
		8401BBEF2D1F3BFA0030CD27 /* CGRect+Extensions.swift */ = {isa = PBXFileReference; lastKnownFileType = sourcecode.swift; path = "CGRect+Extensions.swift"; sourceTree = "<group>"; };
		8401BBF02D1F3BFA0030CD27 /* CGSize+Extensions.swift */ = {isa = PBXFileReference; lastKnownFileType = sourcecode.swift; path = "CGSize+Extensions.swift"; sourceTree = "<group>"; };
		8401BBF12D1F3BFA0030CD27 /* PHAsset+Extensions.swift */ = {isa = PBXFileReference; lastKnownFileType = sourcecode.swift; path = "PHAsset+Extensions.swift"; sourceTree = "<group>"; };
		8401BBF72D1F3BFA0030CD27 /* PhotoGridView.swift */ = {isa = PBXFileReference; lastKnownFileType = sourcecode.swift; path = PhotoGridView.swift; sourceTree = "<group>"; };
		8401BBF82D1F3BFA0030CD27 /* PhotoDetailView.swift */ = {isa = PBXFileReference; lastKnownFileType = sourcecode.swift; path = PhotoDetailView.swift; sourceTree = "<group>"; };
		8401BBFA2D1F3BFA0030CD27 /* SharedTransitioning.swift */ = {isa = PBXFileReference; lastKnownFileType = sourcecode.swift; path = SharedTransitioning.swift; sourceTree = "<group>"; };
		8401BBFB2D1F3BFA0030CD27 /* SharedTransitionAnimationController.swift */ = {isa = PBXFileReference; lastKnownFileType = sourcecode.swift; path = SharedTransitionAnimationController.swift; sourceTree = "<group>"; };
		8401BBFC2D1F3BFA0030CD27 /* SharedTransitionInteractionController.swift */ = {isa = PBXFileReference; lastKnownFileType = sourcecode.swift; path = SharedTransitionInteractionController.swift; sourceTree = "<group>"; };
		8401BBFE2D1F3BFA0030CD27 /* ImageCache.swift */ = {isa = PBXFileReference; lastKnownFileType = sourcecode.swift; path = ImageCache.swift; sourceTree = "<group>"; };
		8401BBFF2D1F3BFA0030CD27 /* CacheableImageView.swift */ = {isa = PBXFileReference; lastKnownFileType = sourcecode.swift; path = CacheableImageView.swift; sourceTree = "<group>"; };
		8401BC012D1F3BFA0030CD27 /* PhotoCell.swift */ = {isa = PBXFileReference; lastKnownFileType = sourcecode.swift; path = PhotoCell.swift; sourceTree = "<group>"; };
		8401BC022D1F3BFA0030CD27 /* PhotoGridViewHeader.swift */ = {isa = PBXFileReference; lastKnownFileType = sourcecode.swift; path = PhotoGridViewHeader.swift; sourceTree = "<group>"; };
		8401BC032D1F3BFA0030CD27 /* PhotoDetailViewHeader.swift */ = {isa = PBXFileReference; lastKnownFileType = sourcecode.swift; path = PhotoDetailViewHeader.swift; sourceTree = "<group>"; };
		8401BC042D1F3BFA0030CD27 /* PhotoHeader.swift */ = {isa = PBXFileReference; lastKnownFileType = sourcecode.swift; path = PhotoHeader.swift; sourceTree = "<group>"; };
		8401BC052D1F3BFA0030CD27 /* PhotoFooter.swift */ = {isa = PBXFileReference; lastKnownFileType = sourcecode.swift; path = PhotoFooter.swift; sourceTree = "<group>"; };
		8401BC272D1F3D0D0030CD27 /* README.md */ = {isa = PBXFileReference; lastKnownFileType = net.daringfireball.markdown; path = README.md; sourceTree = "<group>"; };
		8401BC312D1F62970030CD27 /* [untitled]GridView.swift */ = {isa = PBXFileReference; lastKnownFileType = sourcecode.swift; path = "[untitled]GridView.swift"; sourceTree = "<group>"; };
		8401BC332D1F62D40030CD27 /* [untitled]DetailView.swift */ = {isa = PBXFileReference; lastKnownFileType = sourcecode.swift; path = "[untitled]DetailView.swift"; sourceTree = "<group>"; };
		8401BC352D1F63DF0030CD27 /* [untitled]TransitionAnimationController.swift */ = {isa = PBXFileReference; lastKnownFileType = sourcecode.swift; path = "[untitled]TransitionAnimationController.swift"; sourceTree = "<group>"; };
		8401BC372D1F645B0030CD27 /* AlbumCell.swift */ = {isa = PBXFileReference; lastKnownFileType = sourcecode.swift; path = AlbumCell.swift; sourceTree = "<group>"; };
		8401BC3C2D1F6EAB0030CD27 /* TransitionType.swift */ = {isa = PBXFileReference; lastKnownFileType = sourcecode.swift; path = TransitionType.swift; sourceTree = "<group>"; };
		8401BC3E2D1FBB1E0030CD27 /* [untitled]GridViewHeader.swift */ = {isa = PBXFileReference; lastKnownFileType = sourcecode.swift; path = "[untitled]GridViewHeader.swift"; sourceTree = "<group>"; };
		8401BC422D1FC71E0030CD27 /* [untitled]DetailViewHeader.swift */ = {isa = PBXFileReference; lastKnownFileType = sourcecode.swift; path = "[untitled]DetailViewHeader.swift"; sourceTree = "<group>"; };
		8401BC482D20FB550030CD27 /* FBPaperHomeView.swift */ = {isa = PBXFileReference; lastKnownFileType = sourcecode.swift; path = FBPaperHomeView.swift; sourceTree = "<group>"; };
		8401BC4A2D20FBC80030CD27 /* FBPaperPageView.swift */ = {isa = PBXFileReference; lastKnownFileType = sourcecode.swift; path = FBPaperPageView.swift; sourceTree = "<group>"; };
		8401BC4C2D20FBF40030CD27 /* FBPaperHomeViewCell.swift */ = {isa = PBXFileReference; lastKnownFileType = sourcecode.swift; path = FBPaperHomeViewCell.swift; sourceTree = "<group>"; };
		8401BC502D2102F80030CD27 /* FBPaperTransitionAnimationController.swift */ = {isa = PBXFileReference; lastKnownFileType = sourcecode.swift; path = FBPaperTransitionAnimationController.swift; sourceTree = "<group>"; };
		8401BC512D2102F80030CD27 /* FBPaperTransitionInteractionController.swift */ = {isa = PBXFileReference; lastKnownFileType = sourcecode.swift; path = FBPaperTransitionInteractionController.swift; sourceTree = "<group>"; };
		8401BC542D2120950030CD27 /* FBPaperTransitioning.swift */ = {isa = PBXFileReference; lastKnownFileType = sourcecode.swift; path = FBPaperTransitioning.swift; sourceTree = "<group>"; };
		8401BC562D2201F00030CD27 /* BackButton.swift */ = {isa = PBXFileReference; lastKnownFileType = sourcecode.swift; path = BackButton.swift; sourceTree = "<group>"; };
		84C4B0E02D24BBB700F76C86 /* IdentifiableViewController.swift */ = {isa = PBXFileReference; lastKnownFileType = sourcecode.swift; path = IdentifiableViewController.swift; sourceTree = "<group>"; };
		84C4B0E42D24D44F00F76C86 /* UIScreen+Extensions.swift */ = {isa = PBXFileReference; lastKnownFileType = sourcecode.swift; path = "UIScreen+Extensions.swift"; sourceTree = "<group>"; };
/* End PBXFileReference section */

/* Begin PBXFrameworksBuildPhase section */
		8401BBB62D1F391F0030CD27 /* Frameworks */ = {
			isa = PBXFrameworksBuildPhase;
			buildActionMask = 2147483647;
			files = (
			);
			runOnlyForDeploymentPostprocessing = 0;
		};
/* End PBXFrameworksBuildPhase section */

/* Begin PBXGroup section */
		8401BBB02D1F391F0030CD27 = {
			isa = PBXGroup;
			children = (
				8401BC272D1F3D0D0030CD27 /* README.md */,
				8401BBD82D1F39520030CD27 /* Transitions */,
				8401BBBA2D1F391F0030CD27 /* Products */,
			);
			sourceTree = "<group>";
		};
		8401BBBA2D1F391F0030CD27 /* Products */ = {
			isa = PBXGroup;
			children = (
				8401BBB92D1F391F0030CD27 /* Transitions.app */,
			);
			name = Products;
			sourceTree = "<group>";
		};
		8401BBD82D1F39520030CD27 /* Transitions */ = {
			isa = PBXGroup;
			children = (
				8401BBD22D1F39520030CD27 /* Assets.xcassets */,
				8401BBD32D1F39520030CD27 /* Info.plist */,
				8401BBD52D1F39520030CD27 /* LaunchScreen.storyboard */,
				8401BBD12D1F39520030CD27 /* AppDelegate.swift */,
				8401BBD62D1F39520030CD27 /* SceneDelegate.swift */,
				8401BBF22D1F3BFA0030CD27 /* Utils */,
				8401BC062D1F3BFA0030CD27 /* Views */,
				8401BBFD2D1F3BFA0030CD27 /* Transition */,
				8401BC402D1FBB930030CD27 /* InstagramTransition */,
				8401BC412D1FBB9B0030CD27 /* [untitled]Transition */,
				8401BC442D20F7510030CD27 /* FBPaperTransition */,
			);
			path = Transitions;
			sourceTree = "<group>";
		};
		8401BBE72D1F3BFA0030CD27 /* ClosureLayout */ = {
			isa = PBXGroup;
			children = (
				8401BBDF2D1F3BFA0030CD27 /* LayoutAnchor.swift */,
				8401BBE02D1F3BFA0030CD27 /* LayoutClosure.swift */,
				8401BBE12D1F3BFA0030CD27 /* LayoutDimension.swift */,
				8401BBE22D1F3BFA0030CD27 /* LayoutOperators.swift */,
				8401BBE32D1F3BFA0030CD27 /* LayoutProperty.swift */,
				8401BBE42D1F3BFA0030CD27 /* LayoutProxy.swift */,
				8401BBE52D1F3BFA0030CD27 /* LayoutSizeDimension.swift */,
				8401BBE62D1F3BFA0030CD27 /* UIView+Fill.swift */,
			);
			path = ClosureLayout;
			sourceTree = "<group>";
		};
		8401BBF22D1F3BFA0030CD27 /* Utils */ = {
			isa = PBXGroup;
			children = (
				8401BBE72D1F3BFA0030CD27 /* ClosureLayout */,
				8401BBEC2D1F3BFA0030CD27 /* CGAffineTransform+Extensions.swift */,
				8401BBEB2D1F3BFA0030CD27 /* UIApplication+Extensions.swift */,
				8401BBEA2D1F3BFA0030CD27 /* UICollectionReusableView+Extensions.swift */,
				8401BBED2D1F3BFA0030CD27 /* UICollectionView+Extensions.swift */,
				84C4B0E42D24D44F00F76C86 /* UIScreen+Extensions.swift */,
				8401BBE92D1F3BFA0030CD27 /* UIView+Extensions.swift */,
				8401BBEF2D1F3BFA0030CD27 /* CGRect+Extensions.swift */,
				8401BBF02D1F3BFA0030CD27 /* CGSize+Extensions.swift */,
				8401BBF12D1F3BFA0030CD27 /* PHAsset+Extensions.swift */,
				8401BBE82D1F3BFA0030CD27 /* Then.swift */,
				84C4B0E02D24BBB700F76C86 /* IdentifiableViewController.swift */,
			);
			path = Utils;
			sourceTree = "<group>";
		};
		8401BBFD2D1F3BFA0030CD27 /* Transition */ = {
			isa = PBXGroup;
			children = (
				8401BC3C2D1F6EAB0030CD27 /* TransitionType.swift */,
				8401BBFA2D1F3BFA0030CD27 /* SharedTransitioning.swift */,
			);
			path = Transition;
			sourceTree = "<group>";
		};
		8401BC002D1F3BFA0030CD27 /* CacheableImageView */ = {
			isa = PBXGroup;
			children = (
				8401BBFE2D1F3BFA0030CD27 /* ImageCache.swift */,
				8401BBFF2D1F3BFA0030CD27 /* CacheableImageView.swift */,
			);
			path = CacheableImageView;
			sourceTree = "<group>";
		};
		8401BC062D1F3BFA0030CD27 /* Views */ = {
			isa = PBXGroup;
			children = (
				8401BC562D2201F00030CD27 /* BackButton.swift */,
				8401BC002D1F3BFA0030CD27 /* CacheableImageView */,
			);
			path = Views;
			sourceTree = "<group>";
		};
		8401BC282D1F3D480030CD27 /* Transition */ = {
			isa = PBXGroup;
			children = (
				8401BBFB2D1F3BFA0030CD27 /* SharedTransitionAnimationController.swift */,
				8401BBFC2D1F3BFA0030CD27 /* SharedTransitionInteractionController.swift */,
			);
			path = Transition;
			sourceTree = "<group>";
		};
		8401BC2A2D1F3D660030CD27 /* Transition */ = {
			isa = PBXGroup;
			children = (
				8401BC352D1F63DF0030CD27 /* [untitled]TransitionAnimationController.swift */,
			);
			path = Transition;
			sourceTree = "<group>";
		};
		8401BC2B2D1F4B930030CD27 /* ViewControllers */ = {
			isa = PBXGroup;
			children = (
				8401BBF72D1F3BFA0030CD27 /* PhotoGridView.swift */,
				8401BBF82D1F3BFA0030CD27 /* PhotoDetailView.swift */,
			);
			path = ViewControllers;
			sourceTree = "<group>";
		};
		8401BC2C2D1F4B9D0030CD27 /* ViewControllers */ = {
			isa = PBXGroup;
			children = (
				8401BC312D1F62970030CD27 /* [untitled]GridView.swift */,
				8401BC332D1F62D40030CD27 /* [untitled]DetailView.swift */,
			);
			path = ViewControllers;
			sourceTree = "<group>";
		};
		8401BC2D2D1F4BAC0030CD27 /* Views */ = {
			isa = PBXGroup;
			children = (
				8401BC012D1F3BFA0030CD27 /* PhotoCell.swift */,
				8401BC042D1F3BFA0030CD27 /* PhotoHeader.swift */,
				8401BC052D1F3BFA0030CD27 /* PhotoFooter.swift */,
				8401BC022D1F3BFA0030CD27 /* PhotoGridViewHeader.swift */,
				8401BC032D1F3BFA0030CD27 /* PhotoDetailViewHeader.swift */,
			);
			path = Views;
			sourceTree = "<group>";
		};
		8401BC302D1F4BC70030CD27 /* Views */ = {
			isa = PBXGroup;
			children = (
				8401BC372D1F645B0030CD27 /* AlbumCell.swift */,
				8401BC3E2D1FBB1E0030CD27 /* [untitled]GridViewHeader.swift */,
				8401BC422D1FC71E0030CD27 /* [untitled]DetailViewHeader.swift */,
			);
			path = Views;
			sourceTree = "<group>";
		};
		8401BC402D1FBB930030CD27 /* InstagramTransition */ = {
			isa = PBXGroup;
			children = (
				8401BC282D1F3D480030CD27 /* Transition */,
				8401BC2D2D1F4BAC0030CD27 /* Views */,
				8401BC2B2D1F4B930030CD27 /* ViewControllers */,
			);
			path = InstagramTransition;
			sourceTree = "<group>";
		};
		8401BC412D1FBB9B0030CD27 /* [untitled]Transition */ = {
			isa = PBXGroup;
			children = (
				8401BC2A2D1F3D660030CD27 /* Transition */,
				8401BC302D1F4BC70030CD27 /* Views */,
				8401BC2C2D1F4B9D0030CD27 /* ViewControllers */,
			);
			path = "[untitled]Transition";
			sourceTree = "<group>";
		};
		8401BC442D20F7510030CD27 /* FBPaperTransition */ = {
			isa = PBXGroup;
			children = (
				8401BC462D20F7620030CD27 /* Transition */,
				8401BC452D20F75D0030CD27 /* Views */,
				8401BC472D20F7650030CD27 /* ViewControllers */,
			);
			path = FBPaperTransition;
			sourceTree = "<group>";
		};
		8401BC452D20F75D0030CD27 /* Views */ = {
			isa = PBXGroup;
			children = (
				8401BC4C2D20FBF40030CD27 /* FBPaperHomeViewCell.swift */,
			);
			path = Views;
			sourceTree = "<group>";
		};
		8401BC462D20F7620030CD27 /* Transition */ = {
			isa = PBXGroup;
			children = (
				8401BC542D2120950030CD27 /* FBPaperTransitioning.swift */,
				8401BC502D2102F80030CD27 /* FBPaperTransitionAnimationController.swift */,
				8401BC512D2102F80030CD27 /* FBPaperTransitionInteractionController.swift */,
			);
			path = Transition;
			sourceTree = "<group>";
		};
		8401BC472D20F7650030CD27 /* ViewControllers */ = {
			isa = PBXGroup;
			children = (
				8401BC482D20FB550030CD27 /* FBPaperHomeView.swift */,
				8401BC4A2D20FBC80030CD27 /* FBPaperPageView.swift */,
			);
			path = ViewControllers;
			sourceTree = "<group>";
		};
/* End PBXGroup section */

/* Begin PBXNativeTarget section */
		8401BBB82D1F391F0030CD27 /* Transitions */ = {
			isa = PBXNativeTarget;
			buildConfigurationList = 8401BBCC2D1F39200030CD27 /* Build configuration list for PBXNativeTarget "Transitions" */;
			buildPhases = (
				8401BBB52D1F391F0030CD27 /* Sources */,
				8401BBB62D1F391F0030CD27 /* Frameworks */,
				8401BBB72D1F391F0030CD27 /* Resources */,
			);
			buildRules = (
			);
			dependencies = (
			);
			name = Transitions;
			packageProductDependencies = (
			);
			productName = Transitions;
			productReference = 8401BBB92D1F391F0030CD27 /* Transitions.app */;
			productType = "com.apple.product-type.application";
		};
/* End PBXNativeTarget section */

/* Begin PBXProject section */
		8401BBB12D1F391F0030CD27 /* Project object */ = {
			isa = PBXProject;
			attributes = {
				BuildIndependentTargetsInParallel = 1;
				LastSwiftUpdateCheck = 1610;
				LastUpgradeCheck = 1610;
				TargetAttributes = {
					8401BBB82D1F391F0030CD27 = {
						CreatedOnToolsVersion = 16.1;
					};
				};
			};
			buildConfigurationList = 8401BBB42D1F391F0030CD27 /* Build configuration list for PBXProject "Transitions" */;
			developmentRegion = en;
			hasScannedForEncodings = 0;
			knownRegions = (
				en,
				Base,
			);
			mainGroup = 8401BBB02D1F391F0030CD27;
			minimizedProjectReferenceProxies = 1;
			preferredProjectObjectVersion = 77;
			productRefGroup = 8401BBBA2D1F391F0030CD27 /* Products */;
			projectDirPath = "";
			projectRoot = "";
			targets = (
				8401BBB82D1F391F0030CD27 /* Transitions */,
			);
		};
/* End PBXProject section */

/* Begin PBXResourcesBuildPhase section */
		8401BBB72D1F391F0030CD27 /* Resources */ = {
			isa = PBXResourcesBuildPhase;
			buildActionMask = 2147483647;
			files = (
				8401BBD92D1F39520030CD27 /* Assets.xcassets in Resources */,
				8401BBDB2D1F39520030CD27 /* LaunchScreen.storyboard in Resources */,
			);
			runOnlyForDeploymentPostprocessing = 0;
		};
/* End PBXResourcesBuildPhase section */

/* Begin PBXSourcesBuildPhase section */
		8401BBB52D1F391F0030CD27 /* Sources */ = {
			isa = PBXSourcesBuildPhase;
			buildActionMask = 2147483647;
			files = (
				8401BBDC2D1F39520030CD27 /* AppDelegate.swift in Sources */,
				8401BC072D1F3BFA0030CD27 /* LayoutProperty.swift in Sources */,
				8401BC082D1F3BFA0030CD27 /* PhotoDetailViewHeader.swift in Sources */,
				8401BC092D1F3BFA0030CD27 /* PhotoHeader.swift in Sources */,
				8401BC0B2D1F3BFA0030CD27 /* LayoutClosure.swift in Sources */,
				8401BC0C2D1F3BFA0030CD27 /* UIApplication+Extensions.swift in Sources */,
				8401BC0D2D1F3BFA0030CD27 /* LayoutDimension.swift in Sources */,
				8401BC522D2102F80030CD27 /* FBPaperTransitionAnimationController.swift in Sources */,
				8401BC532D2102F80030CD27 /* FBPaperTransitionInteractionController.swift in Sources */,
				8401BC0E2D1F3BFA0030CD27 /* SharedTransitionAnimationController.swift in Sources */,
				8401BC0F2D1F3BFA0030CD27 /* Then.swift in Sources */,
				8401BC102D1F3BFA0030CD27 /* LayoutSizeDimension.swift in Sources */,
				8401BC112D1F3BFA0030CD27 /* LayoutProxy.swift in Sources */,
				84C4B0E52D24D45200F76C86 /* UIScreen+Extensions.swift in Sources */,
				8401BC122D1F3BFA0030CD27 /* CGAffineTransform+Extensions.swift in Sources */,
				8401BC132D1F3BFA0030CD27 /* SharedTransitionInteractionController.swift in Sources */,
				8401BC142D1F3BFA0030CD27 /* LayoutOperators.swift in Sources */,
				8401BC152D1F3BFA0030CD27 /* PHAsset+Extensions.swift in Sources */,
				8401BC162D1F3BFA0030CD27 /* PhotoGridView.swift in Sources */,
				84C4B0E12D24BBBA00F76C86 /* IdentifiableViewController.swift in Sources */,
				8401BC572D2201F90030CD27 /* BackButton.swift in Sources */,
				8401BC172D1F3BFA0030CD27 /* PhotoGridViewHeader.swift in Sources */,
				8401BC382D1F64680030CD27 /* AlbumCell.swift in Sources */,
				8401BC3D2D1F6EAC0030CD27 /* TransitionType.swift in Sources */,
				8401BC182D1F3BFA0030CD27 /* CacheableImageView.swift in Sources */,
				8401BC1A2D1F3BFA0030CD27 /* UICollectionReusableView+Extensions.swift in Sources */,
				8401BC492D20FB550030CD27 /* FBPaperHomeView.swift in Sources */,
				8401BC1B2D1F3BFA0030CD27 /* PhotoFooter.swift in Sources */,
				8401BC362D1F63DF0030CD27 /* [untitled]TransitionAnimationController.swift in Sources */,
				8401BC1C2D1F3BFA0030CD27 /* CGSize+Extensions.swift in Sources */,
				8401BC322D1F62970030CD27 /* [untitled]GridView.swift in Sources */,
				8401BC1D2D1F3BFA0030CD27 /* CGRect+Extensions.swift in Sources */,
				8401BC1F2D1F3BFA0030CD27 /* PhotoDetailView.swift in Sources */,
				8401BC202D1F3BFA0030CD27 /* UICollectionView+Extensions.swift in Sources */,
				8401BC342D1F62D40030CD27 /* [untitled]DetailView.swift in Sources */,
				8401BC3F2D1FBB230030CD27 /* [untitled]GridViewHeader.swift in Sources */,
				8401BC212D1F3BFA0030CD27 /* SharedTransitioning.swift in Sources */,
				8401BC4B2D20FBC80030CD27 /* FBPaperPageView.swift in Sources */,
				8401BC222D1F3BFA0030CD27 /* UIView+Extensions.swift in Sources */,
				8401BC232D1F3BFA0030CD27 /* LayoutAnchor.swift in Sources */,
				8401BC242D1F3BFA0030CD27 /* UIView+Fill.swift in Sources */,
				8401BC4D2D20FBF40030CD27 /* FBPaperHomeViewCell.swift in Sources */,
				8401BC432D1FC7220030CD27 /* [untitled]DetailViewHeader.swift in Sources */,
				8401BC552D2120990030CD27 /* FBPaperTransitioning.swift in Sources */,
				8401BC252D1F3BFA0030CD27 /* ImageCache.swift in Sources */,
				8401BC262D1F3BFA0030CD27 /* PhotoCell.swift in Sources */,
				8401BBDD2D1F39520030CD27 /* SceneDelegate.swift in Sources */,
			);
			runOnlyForDeploymentPostprocessing = 0;
		};
/* End PBXSourcesBuildPhase section */

/* Begin PBXVariantGroup section */
		8401BBD52D1F39520030CD27 /* LaunchScreen.storyboard */ = {
			isa = PBXVariantGroup;
			children = (
				8401BBD42D1F39520030CD27 /* Base */,
			);
			name = LaunchScreen.storyboard;
			sourceTree = "<group>";
		};
/* End PBXVariantGroup section */

/* Begin XCBuildConfiguration section */
		8401BBCD2D1F39200030CD27 /* Debug */ = {
			isa = XCBuildConfiguration;
			buildSettings = {
				ASSETCATALOG_COMPILER_APPICON_NAME = AppIcon;
				ASSETCATALOG_COMPILER_GLOBAL_ACCENT_COLOR_NAME = AccentColor;
				CODE_SIGN_STYLE = Automatic;
				CURRENT_PROJECT_VERSION = 1;
				DEVELOPMENT_TEAM = DWPGCY8DQB;
				GENERATE_INFOPLIST_FILE = YES;
				INFOPLIST_FILE = Transitions/Info.plist;
				INFOPLIST_KEY_NSPhotoLibraryUsageDescription = "For displaying your photos in a grid view";
				INFOPLIST_KEY_UILaunchStoryboardName = "";
				INFOPLIST_KEY_UIMainStoryboardFile = "";
				INFOPLIST_KEY_UISupportedInterfaceOrientations = UIInterfaceOrientationPortrait;
				INFOPLIST_KEY_UISupportedInterfaceOrientations_iPad = "UIInterfaceOrientationLandscapeLeft UIInterfaceOrientationLandscapeRight UIInterfaceOrientationPortrait UIInterfaceOrientationPortraitUpsideDown";
				IPHONEOS_DEPLOYMENT_TARGET = 15.0;
				LD_RUNPATH_SEARCH_PATHS = (
					"$(inherited)",
					"@executable_path/Frameworks",
				);
				MARKETING_VERSION = 1.0;
				PRODUCT_BUNDLE_IDENTIFIER = com.yihui.Transitions;
				PRODUCT_NAME = "$(TARGET_NAME)";
				SUPPORTED_PLATFORMS = "iphoneos iphonesimulator";
				SUPPORTS_MACCATALYST = NO;
				SUPPORTS_MAC_DESIGNED_FOR_IPHONE_IPAD = NO;
				SUPPORTS_XR_DESIGNED_FOR_IPHONE_IPAD = NO;
				SWIFT_EMIT_LOC_STRINGS = YES;
				SWIFT_VERSION = 5.0;
				TARGETED_DEVICE_FAMILY = 1;
			};
			name = Debug;
		};
		8401BBCE2D1F39200030CD27 /* Release */ = {
			isa = XCBuildConfiguration;
			buildSettings = {
				ASSETCATALOG_COMPILER_APPICON_NAME = AppIcon;
				ASSETCATALOG_COMPILER_GLOBAL_ACCENT_COLOR_NAME = AccentColor;
				CODE_SIGN_STYLE = Automatic;
				CURRENT_PROJECT_VERSION = 1;
				DEVELOPMENT_TEAM = DWPGCY8DQB;
				GENERATE_INFOPLIST_FILE = YES;
				INFOPLIST_FILE = Transitions/Info.plist;
				INFOPLIST_KEY_NSPhotoLibraryUsageDescription = "For displaying your photos in a grid view";
				INFOPLIST_KEY_UILaunchStoryboardName = "";
				INFOPLIST_KEY_UIMainStoryboardFile = "";
				INFOPLIST_KEY_UISupportedInterfaceOrientations = UIInterfaceOrientationPortrait;
				INFOPLIST_KEY_UISupportedInterfaceOrientations_iPad = "UIInterfaceOrientationLandscapeLeft UIInterfaceOrientationLandscapeRight UIInterfaceOrientationPortrait UIInterfaceOrientationPortraitUpsideDown";
				IPHONEOS_DEPLOYMENT_TARGET = 15.0;
				LD_RUNPATH_SEARCH_PATHS = (
					"$(inherited)",
					"@executable_path/Frameworks",
				);
				MARKETING_VERSION = 1.0;
				PRODUCT_BUNDLE_IDENTIFIER = com.yihui.Transitions;
				PRODUCT_NAME = "$(TARGET_NAME)";
				SUPPORTED_PLATFORMS = "iphoneos iphonesimulator";
				SUPPORTS_MACCATALYST = NO;
				SUPPORTS_MAC_DESIGNED_FOR_IPHONE_IPAD = NO;
				SUPPORTS_XR_DESIGNED_FOR_IPHONE_IPAD = NO;
				SWIFT_EMIT_LOC_STRINGS = YES;
				SWIFT_VERSION = 5.0;
				TARGETED_DEVICE_FAMILY = 1;
			};
			name = Release;
		};
		8401BBCF2D1F39200030CD27 /* Debug */ = {
			isa = XCBuildConfiguration;
			buildSettings = {
				ALWAYS_SEARCH_USER_PATHS = NO;
				ASSETCATALOG_COMPILER_GENERATE_SWIFT_ASSET_SYMBOL_EXTENSIONS = YES;
				CLANG_ANALYZER_NONNULL = YES;
				CLANG_ANALYZER_NUMBER_OBJECT_CONVERSION = YES_AGGRESSIVE;
				CLANG_CXX_LANGUAGE_STANDARD = "gnu++20";
				CLANG_ENABLE_MODULES = YES;
				CLANG_ENABLE_OBJC_ARC = YES;
				CLANG_ENABLE_OBJC_WEAK = YES;
				CLANG_WARN_BLOCK_CAPTURE_AUTORELEASING = YES;
				CLANG_WARN_BOOL_CONVERSION = YES;
				CLANG_WARN_COMMA = YES;
				CLANG_WARN_CONSTANT_CONVERSION = YES;
				CLANG_WARN_DEPRECATED_OBJC_IMPLEMENTATIONS = YES;
				CLANG_WARN_DIRECT_OBJC_ISA_USAGE = YES_ERROR;
				CLANG_WARN_DOCUMENTATION_COMMENTS = YES;
				CLANG_WARN_EMPTY_BODY = YES;
				CLANG_WARN_ENUM_CONVERSION = YES;
				CLANG_WARN_INFINITE_RECURSION = YES;
				CLANG_WARN_INT_CONVERSION = YES;
				CLANG_WARN_NON_LITERAL_NULL_CONVERSION = YES;
				CLANG_WARN_OBJC_IMPLICIT_RETAIN_SELF = YES;
				CLANG_WARN_OBJC_LITERAL_CONVERSION = YES;
				CLANG_WARN_OBJC_ROOT_CLASS = YES_ERROR;
				CLANG_WARN_QUOTED_INCLUDE_IN_FRAMEWORK_HEADER = YES;
				CLANG_WARN_RANGE_LOOP_ANALYSIS = YES;
				CLANG_WARN_STRICT_PROTOTYPES = YES;
				CLANG_WARN_SUSPICIOUS_MOVE = YES;
				CLANG_WARN_UNGUARDED_AVAILABILITY = YES_AGGRESSIVE;
				CLANG_WARN_UNREACHABLE_CODE = YES;
				CLANG_WARN__DUPLICATE_METHOD_MATCH = YES;
				COPY_PHASE_STRIP = NO;
				DEBUG_INFORMATION_FORMAT = dwarf;
				ENABLE_STRICT_OBJC_MSGSEND = YES;
				ENABLE_TESTABILITY = YES;
				ENABLE_USER_SCRIPT_SANDBOXING = YES;
				GCC_C_LANGUAGE_STANDARD = gnu17;
				GCC_DYNAMIC_NO_PIC = NO;
				GCC_NO_COMMON_BLOCKS = YES;
				GCC_OPTIMIZATION_LEVEL = 0;
				GCC_PREPROCESSOR_DEFINITIONS = (
					"DEBUG=1",
					"$(inherited)",
				);
				GCC_WARN_64_TO_32_BIT_CONVERSION = YES;
				GCC_WARN_ABOUT_RETURN_TYPE = YES_ERROR;
				GCC_WARN_UNDECLARED_SELECTOR = YES;
				GCC_WARN_UNINITIALIZED_AUTOS = YES_AGGRESSIVE;
				GCC_WARN_UNUSED_FUNCTION = YES;
				GCC_WARN_UNUSED_VARIABLE = YES;
				IPHONEOS_DEPLOYMENT_TARGET = 18.1;
				LOCALIZATION_PREFERS_STRING_CATALOGS = YES;
				MTL_ENABLE_DEBUG_INFO = INCLUDE_SOURCE;
				MTL_FAST_MATH = YES;
				ONLY_ACTIVE_ARCH = YES;
				SDKROOT = iphoneos;
				SWIFT_ACTIVE_COMPILATION_CONDITIONS = "DEBUG $(inherited)";
				SWIFT_OPTIMIZATION_LEVEL = "-Onone";
			};
			name = Debug;
		};
		8401BBD02D1F39200030CD27 /* Release */ = {
			isa = XCBuildConfiguration;
			buildSettings = {
				ALWAYS_SEARCH_USER_PATHS = NO;
				ASSETCATALOG_COMPILER_GENERATE_SWIFT_ASSET_SYMBOL_EXTENSIONS = YES;
				CLANG_ANALYZER_NONNULL = YES;
				CLANG_ANALYZER_NUMBER_OBJECT_CONVERSION = YES_AGGRESSIVE;
				CLANG_CXX_LANGUAGE_STANDARD = "gnu++20";
				CLANG_ENABLE_MODULES = YES;
				CLANG_ENABLE_OBJC_ARC = YES;
				CLANG_ENABLE_OBJC_WEAK = YES;
				CLANG_WARN_BLOCK_CAPTURE_AUTORELEASING = YES;
				CLANG_WARN_BOOL_CONVERSION = YES;
				CLANG_WARN_COMMA = YES;
				CLANG_WARN_CONSTANT_CONVERSION = YES;
				CLANG_WARN_DEPRECATED_OBJC_IMPLEMENTATIONS = YES;
				CLANG_WARN_DIRECT_OBJC_ISA_USAGE = YES_ERROR;
				CLANG_WARN_DOCUMENTATION_COMMENTS = YES;
				CLANG_WARN_EMPTY_BODY = YES;
				CLANG_WARN_ENUM_CONVERSION = YES;
				CLANG_WARN_INFINITE_RECURSION = YES;
				CLANG_WARN_INT_CONVERSION = YES;
				CLANG_WARN_NON_LITERAL_NULL_CONVERSION = YES;
				CLANG_WARN_OBJC_IMPLICIT_RETAIN_SELF = YES;
				CLANG_WARN_OBJC_LITERAL_CONVERSION = YES;
				CLANG_WARN_OBJC_ROOT_CLASS = YES_ERROR;
				CLANG_WARN_QUOTED_INCLUDE_IN_FRAMEWORK_HEADER = YES;
				CLANG_WARN_RANGE_LOOP_ANALYSIS = YES;
				CLANG_WARN_STRICT_PROTOTYPES = YES;
				CLANG_WARN_SUSPICIOUS_MOVE = YES;
				CLANG_WARN_UNGUARDED_AVAILABILITY = YES_AGGRESSIVE;
				CLANG_WARN_UNREACHABLE_CODE = YES;
				CLANG_WARN__DUPLICATE_METHOD_MATCH = YES;
				COPY_PHASE_STRIP = NO;
				DEBUG_INFORMATION_FORMAT = "dwarf-with-dsym";
				ENABLE_NS_ASSERTIONS = NO;
				ENABLE_STRICT_OBJC_MSGSEND = YES;
				ENABLE_USER_SCRIPT_SANDBOXING = YES;
				GCC_C_LANGUAGE_STANDARD = gnu17;
				GCC_NO_COMMON_BLOCKS = YES;
				GCC_WARN_64_TO_32_BIT_CONVERSION = YES;
				GCC_WARN_ABOUT_RETURN_TYPE = YES_ERROR;
				GCC_WARN_UNDECLARED_SELECTOR = YES;
				GCC_WARN_UNINITIALIZED_AUTOS = YES_AGGRESSIVE;
				GCC_WARN_UNUSED_FUNCTION = YES;
				GCC_WARN_UNUSED_VARIABLE = YES;
				IPHONEOS_DEPLOYMENT_TARGET = 18.1;
				LOCALIZATION_PREFERS_STRING_CATALOGS = YES;
				MTL_ENABLE_DEBUG_INFO = NO;
				MTL_FAST_MATH = YES;
				SDKROOT = iphoneos;
				SWIFT_COMPILATION_MODE = wholemodule;
				VALIDATE_PRODUCT = YES;
			};
			name = Release;
		};
/* End XCBuildConfiguration section */

/* Begin XCConfigurationList section */
		8401BBB42D1F391F0030CD27 /* Build configuration list for PBXProject "Transitions" */ = {
			isa = XCConfigurationList;
			buildConfigurations = (
				8401BBCF2D1F39200030CD27 /* Debug */,
				8401BBD02D1F39200030CD27 /* Release */,
			);
			defaultConfigurationIsVisible = 0;
			defaultConfigurationName = Release;
		};
		8401BBCC2D1F39200030CD27 /* Build configuration list for PBXNativeTarget "Transitions" */ = {
			isa = XCConfigurationList;
			buildConfigurations = (
				8401BBCD2D1F39200030CD27 /* Debug */,
				8401BBCE2D1F39200030CD27 /* Release */,
			);
			defaultConfigurationIsVisible = 0;
			defaultConfigurationName = Release;
		};
/* End XCConfigurationList section */
	};
	rootObject = 8401BBB12D1F391F0030CD27 /* Project object */;
}
